
Microsoft Visual Studio Solution File, Format Version 12.00
# Visual Studio Version 17
VisualStudioVersion = 17.5.33502.453
MinimumVisualStudioVersion = 10.0.40219.1
Project("{9A19103F-16F7-4668-BE54-9A1E7A4F7556}") = "WebOrder", "WebOrder\WebOrder.csproj", "{68E9748E-9806-442F-ABB3-799DB33121DD}"
EndProject
Project("{9A19103F-16F7-4668-BE54-9A1E7A4F7556}") = "WebOrder.DataAccess", "WebOrder.DataAccess\WebOrder.DataAccess.csproj", "{961D6AA8-205B-497C-B9C7-283D68C3F037}"
EndProject
Project("{9A19103F-16F7-4668-BE54-9A1E7A4F7556}") = "WebOrder.Domain", "WebOrder.Domain\WebOrder.Domain.csproj", "{FD10FE26-6904-4769-922B-C47504348E36}"
EndProject
Project("{9A19103F-16F7-4668-BE54-9A1E7A4F7556}") = "WebOrder.Application", "WebOrder.Application\WebOrder.Application.csproj", "{45030347-1771-473D-A0FE-E4ED3A59432F}"
EndProject
Project("{FAE04EC0-301F-11D3-BF4B-00C04F79EFBC}") = "WebOrder.TestXUnit", "WebOrder.TestXUnit\WebOrder.TestXUnit.csproj", "{0DDB2154-5B9B-45AE-B4E9-75CA49586F47}"
EndProject
Global
	GlobalSection(SolutionConfigurationPlatforms) = preSolution
		Debug|Any CPU = Debug|Any CPU
		Release|Any CPU = Release|Any CPU
	EndGlobalSection
	GlobalSection(ProjectConfigurationPlatforms) = postSolution
		{68E9748E-9806-442F-ABB3-799DB33121DD}.Debug|Any CPU.ActiveCfg = Debug|Any CPU
		{68E9748E-9806-442F-ABB3-799DB33121DD}.Debug|Any CPU.Build.0 = Debug|Any CPU
		{68E9748E-9806-442F-ABB3-799DB33121DD}.Release|Any CPU.ActiveCfg = Release|Any CPU
		{68E9748E-9806-442F-ABB3-799DB33121DD}.Release|Any CPU.Build.0 = Release|Any CPU
		{961D6AA8-205B-497C-B9C7-283D68C3F037}.Debug|Any CPU.ActiveCfg = Debug|Any CPU
		{961D6AA8-205B-497C-B9C7-283D68C3F037}.Debug|Any CPU.Build.0 = Debug|Any CPU
		{961D6AA8-205B-497C-B9C7-283D68C3F037}.Release|Any CPU.ActiveCfg = Release|Any CPU
		{961D6AA8-205B-497C-B9C7-283D68C3F037}.Release|Any CPU.Build.0 = Release|Any CPU
		{FD10FE26-6904-4769-922B-C47504348E36}.Debug|Any CPU.ActiveCfg = Debug|Any CPU
		{FD10FE26-6904-4769-922B-C47504348E36}.Debug|Any CPU.Build.0 = Debug|Any CPU
		{FD10FE26-6904-4769-922B-C47504348E36}.Release|Any CPU.ActiveCfg = Release|Any CPU
		{FD10FE26-6904-4769-922B-C47504348E36}.Release|Any CPU.Build.0 = Release|Any CPU
		{45030347-1771-473D-A0FE-E4ED3A59432F}.Debug|Any CPU.ActiveCfg = Debug|Any CPU
		{45030347-1771-473D-A0FE-E4ED3A59432F}.Debug|Any CPU.Build.0 = Debug|Any CPU
		{45030347-1771-473D-A0FE-E4ED3A59432F}.Release|Any CPU.ActiveCfg = Release|Any CPU
		{45030347-1771-473D-A0FE-E4ED3A59432F}.Release|Any CPU.Build.0 = Release|Any CPU
		{0DDB2154-5B9B-45AE-B4E9-75CA49586F47}.Debug|Any CPU.ActiveCfg = Debug|Any CPU
		{0DDB2154-5B9B-45AE-B4E9-75CA49586F47}.Debug|Any CPU.Build.0 = Debug|Any CPU
		{0DDB2154-5B9B-45AE-B4E9-75CA49586F47}.Release|Any CPU.ActiveCfg = Release|Any CPU
		{0DDB2154-5B9B-45AE-B4E9-75CA49586F47}.Release|Any CPU.Build.0 = Release|Any CPU
	EndGlobalSection
	GlobalSection(SolutionProperties) = preSolution
		HideSolutionNode = FALSE
	EndGlobalSection
	GlobalSection(ExtensibilityGlobals) = postSolution
		SolutionGuid = {5D9177CC-013F-40C1-ADBB-2ED06471F67C}
	EndGlobalSection
EndGlobal
